// !$*UTF8*$!
{
	archiveVersion = 1;
	classes = {
	};
	objectVersion = 46;
	objects = {

/* Begin PBXBuildFile section */
		228F34691DA3016200F264A0 /* BTKeyboard.swift in Sources */ = {isa = PBXBuildFile; fileRef = 228F34681DA3016200F264A0 /* BTKeyboard.swift */; };
		228F346B1DA302F600F264A0 /* SerialPortDictionary.plist in Resources */ = {isa = PBXBuildFile; fileRef = 228F346A1DA302F600F264A0 /* SerialPortDictionary.plist */; };
		228F346D1DA310BD00F264A0 /* HIDReportDescriptor.txt in Resources */ = {isa = PBXBuildFile; fileRef = 228F346C1DA310BD00F264A0 /* HIDReportDescriptor.txt */; };
		228F346F1DA3132100F264A0 /* KeyCodes.swift in Sources */ = {isa = PBXBuildFile; fileRef = 228F346E1DA3132100F264A0 /* KeyCodes.swift */; };
		228F34731DA32B0900F264A0 /* main.swift in Sources */ = {isa = PBXBuildFile; fileRef = 228F34721DA32B0900F264A0 /* main.swift */; };
		228F34751DA32FE200F264A0 /* AppDelegate.swift in Sources */ = {isa = PBXBuildFile; fileRef = 228F34741DA32FE200F264A0 /* AppDelegate.swift */; };
/* End PBXBuildFile section */

/* Begin PBXFileReference section */
		228F34581DA3014B00F264A0 /* Keyboard Connect Open Source.app */ = {isa = PBXFileReference; explicitFileType = wrapper.application; includeInIndex = 0; path = "Keyboard Connect Open Source.app"; sourceTree = BUILT_PRODUCTS_DIR; };
		228F34681DA3016200F264A0 /* BTKeyboard.swift */ = {isa = PBXFileReference; fileEncoding = 4; lastKnownFileType = sourcecode.swift; path = BTKeyboard.swift; sourceTree = "<group>"; };
		228F346A1DA302F600F264A0 /* SerialPortDictionary.plist */ = {isa = PBXFileReference; fileEncoding = 4; lastKnownFileType = text.plist.xml; path = SerialPortDictionary.plist; sourceTree = "<group>"; };
		228F346C1DA310BD00F264A0 /* HIDReportDescriptor.txt */ = {isa = PBXFileReference; fileEncoding = 4; lastKnownFileType = text; path = HIDReportDescriptor.txt; sourceTree = "<group>"; };
		228F346E1DA3132100F264A0 /* KeyCodes.swift */ = {isa = PBXFileReference; fileEncoding = 4; lastKnownFileType = sourcecode.swift; path = KeyCodes.swift; sourceTree = "<group>"; };
		228F34721DA32B0900F264A0 /* main.swift */ = {isa = PBXFileReference; fileEncoding = 4; lastKnownFileType = sourcecode.swift; path = main.swift; sourceTree = "<group>"; };
		228F34741DA32FE200F264A0 /* AppDelegate.swift */ = {isa = PBXFileReference; fileEncoding = 4; lastKnownFileType = sourcecode.swift; path = AppDelegate.swift; sourceTree = "<group>"; };
		228F34761DA3304C00F264A0 /* Info.plist */ = {isa = PBXFileReference; fileEncoding = 4; lastKnownFileType = text.plist.xml; path = Info.plist; sourceTree = "<group>"; };
/* End PBXFileReference section */

/* Begin PBXFrameworksBuildPhase section */
		228F34551DA3014B00F264A0 /* Frameworks */ = {
			isa = PBXFrameworksBuildPhase;
			buildActionMask = 2147483647;
			files = (
			);
			runOnlyForDeploymentPostprocessing = 0;
		};
/* End PBXFrameworksBuildPhase section */

/* Begin PBXGroup section */
		228F344F1DA3014B00F264A0 = {
			isa = PBXGroup;
			children = (
				228F345A1DA3014B00F264A0 /* Keyboard Connect Open Source */,
				228F34591DA3014B00F264A0 /* Products */,
			);
			sourceTree = "<group>";
		};
		228F34591DA3014B00F264A0 /* Products */ = {
			isa = PBXGroup;
			children = (
				228F34581DA3014B00F264A0 /* Keyboard Connect Open Source.app */,
			);
			name = Products;
			sourceTree = "<group>";
		};
		228F345A1DA3014B00F264A0 /* Keyboard Connect Open Source */ = {
			isa = PBXGroup;
			children = (
				228F34721DA32B0900F264A0 /* main.swift */,
				228F34741DA32FE200F264A0 /* AppDelegate.swift */,
				228F34681DA3016200F264A0 /* BTKeyboard.swift */,
				228F346E1DA3132100F264A0 /* KeyCodes.swift */,
				228F346A1DA302F600F264A0 /* SerialPortDictionary.plist */,
				228F346C1DA310BD00F264A0 /* HIDReportDescriptor.txt */,
				228F34761DA3304C00F264A0 /* Info.plist */,
			);
			path = "Keyboard Connect Open Source";
			sourceTree = "<group>";
		};
/* End PBXGroup section */

/* Begin PBXNativeTarget section */
		228F34571DA3014B00F264A0 /* Keyboard Connect Open Source */ = {
			isa = PBXNativeTarget;
			buildConfigurationList = 228F34651DA3014C00F264A0 /* Build configuration list for PBXNativeTarget "Keyboard Connect Open Source" */;
			buildPhases = (
				228F34541DA3014B00F264A0 /* Sources */,
				228F34551DA3014B00F264A0 /* Frameworks */,
				228F34561DA3014B00F264A0 /* Resources */,
			);
			buildRules = (
			);
			dependencies = (
			);
			name = "Keyboard Connect Open Source";
			productName = "Keyboard Connect Open Source";
			productReference = 228F34581DA3014B00F264A0 /* Keyboard Connect Open Source.app */;
			productType = "com.apple.product-type.application";
		};
/* End PBXNativeTarget section */

/* Begin PBXProject section */
		228F34501DA3014B00F264A0 /* Project object */ = {
			isa = PBXProject;
			attributes = {
				LastSwiftUpdateCheck = 0730;
				LastUpgradeCheck = 0730;
				ORGANIZATIONNAME = "Arthur Yidi";
				TargetAttributes = {
					228F34571DA3014B00F264A0 = {
						CreatedOnToolsVersion = 7.3;
					};
				};
			};
			buildConfigurationList = 228F34531DA3014B00F264A0 /* Build configuration list for PBXProject "Keyboard Connect Open Source" */;
			compatibilityVersion = "Xcode 3.2";
			developmentRegion = English;
			hasScannedForEncodings = 0;
			knownRegions = (
				en,
				Base,
			);
			mainGroup = 228F344F1DA3014B00F264A0;
			productRefGroup = 228F34591DA3014B00F264A0 /* Products */;
			projectDirPath = "";
			projectRoot = "";
			targets = (
				228F34571DA3014B00F264A0 /* Keyboard Connect Open Source */,
			);
		};
/* End PBXProject section */

/* Begin PBXResourcesBuildPhase section */
		228F34561DA3014B00F264A0 /* Resources */ = {
			isa = PBXResourcesBuildPhase;
			buildActionMask = 2147483647;
			files = (
				228F346B1DA302F600F264A0 /* SerialPortDictionary.plist in Resources */,
				228F346D1DA310BD00F264A0 /* HIDReportDescriptor.txt in Resources */,
			);
			runOnlyForDeploymentPostprocessing = 0;
		};
/* End PBXResourcesBuildPhase section */

/* Begin PBXSourcesBuildPhase section */
		228F34541DA3014B00F264A0 /* Sources */ = {
			isa = PBXSourcesBuildPhase;
			buildActionMask = 2147483647;
			files = (
				228F34751DA32FE200F264A0 /* AppDelegate.swift in Sources */,
				228F346F1DA3132100F264A0 /* KeyCodes.swift in Sources */,
				228F34691DA3016200F264A0 /* BTKeyboard.swift in Sources */,
				228F34731DA32B0900F264A0 /* main.swift in Sources */,
			);
			runOnlyForDeploymentPostprocessing = 0;
		};
/* End PBXSourcesBuildPhase section */

/* Begin XCBuildConfiguration section */
		228F34631DA3014C00F264A0 /* Debug */ = {
			isa = XCBuildConfiguration;
			buildSettings = {
				ALWAYS_SEARCH_USER_PATHS = NO;
				CLANG_ANALYZER_NONNULL = YES;
				CLANG_CXX_LANGUAGE_STANDARD = "gnu++0x";
				CLANG_CXX_LIBRARY = "libc++";
				CLANG_ENABLE_MODULES = YES;
				CLANG_ENABLE_OBJC_ARC = YES;
				CLANG_WARN_BOOL_CONVERSION = YES;
				CLANG_WARN_CONSTANT_CONVERSION = YES;
				CLANG_WARN_DIRECT_OBJC_ISA_USAGE = YES_ERROR;
				CLANG_WARN_EMPTY_BODY = YES;
				CLANG_WARN_ENUM_CONVERSION = YES;
				CLANG_WARN_INT_CONVERSION = YES;
				CLANG_WARN_OBJC_ROOT_CLASS = YES_ERROR;
				CLANG_WARN_UNREACHABLE_CODE = YES;
				CLANG_WARN__DUPLICATE_METHOD_MATCH = YES;
				CODE_SIGN_IDENTITY = "-";
				COPY_PHASE_STRIP = NO;
				DEBUG_INFORMATION_FORMAT = dwarf;
				ENABLE_STRICT_OBJC_MSGSEND = YES;
				ENABLE_TESTABILITY = YES;
				GCC_C_LANGUAGE_STANDARD = gnu99;
				GCC_DYNAMIC_NO_PIC = NO;
				GCC_NO_COMMON_BLOCKS = YES;
				GCC_OPTIMIZATION_LEVEL = 0;
				GCC_PREPROCESSOR_DEFINITIONS = (
					"DEBUG=1",
					"$(inherited)",
				);
				GCC_WARN_64_TO_32_BIT_CONVERSION = YES;
				GCC_WARN_ABOUT_RETURN_TYPE = YES_ERROR;
				GCC_WARN_UNDECLARED_SELECTOR = YES;
				GCC_WARN_UNINITIALIZED_AUTOS = YES_AGGRESSIVE;
				GCC_WARN_UNUSED_FUNCTION = YES;
				GCC_WARN_UNUSED_VARIABLE = YES;
				MACOSX_DEPLOYMENT_TARGET = 10.11;
				MTL_ENABLE_DEBUG_INFO = YES;
				ONLY_ACTIVE_ARCH = YES;
				SDKROOT = macosx;
				SWIFT_OPTIMIZATION_LEVEL = "-Onone";
			};
			name = Debug;
		};
		228F34641DA3014C00F264A0 /* Release */ = {
			isa = XCBuildConfiguration;
			buildSettings = {
				ALWAYS_SEARCH_USER_PATHS = NO;
				CLANG_ANALYZER_NONNULL = YES;
				CLANG_CXX_LANGUAGE_STANDARD = "gnu++0x";
				CLANG_CXX_LIBRARY = "libc++";
				CLANG_ENABLE_MODULES = YES;
				CLANG_ENABLE_OBJC_ARC = YES;
				CLANG_WARN_BOOL_CONVERSION = YES;
				CLANG_WARN_CONSTANT_CONVERSION = YES;
				CLANG_WARN_DIRECT_OBJC_ISA_USAGE = YES_ERROR;
				CLANG_WARN_EMPTY_BODY = YES;
				CLANG_WARN_ENUM_CONVERSION = YES;
				CLANG_WARN_INT_CONVERSION = YES;
				CLANG_WARN_OBJC_ROOT_CLASS = YES_ERROR;
				CLANG_WARN_UNREACHABLE_CODE = YES;
				CLANG_WARN__DUPLICATE_METHOD_MATCH = YES;
				CODE_SIGN_IDENTITY = "-";
				COPY_PHASE_STRIP = NO;
				DEBUG_INFORMATION_FORMAT = "dwarf-with-dsym";
				ENABLE_NS_ASSERTIONS = NO;
				ENABLE_STRICT_OBJC_MSGSEND = YES;
				GCC_C_LANGUAGE_STANDARD = gnu99;
				GCC_NO_COMMON_BLOCKS = YES;
				GCC_WARN_64_TO_32_BIT_CONVERSION = YES;
				GCC_WARN_ABOUT_RETURN_TYPE = YES_ERROR;
				GCC_WARN_UNDECLARED_SELECTOR = YES;
				GCC_WARN_UNINITIALIZED_AUTOS = YES_AGGRESSIVE;
				GCC_WARN_UNUSED_FUNCTION = YES;
				GCC_WARN_UNUSED_VARIABLE = YES;
				MACOSX_DEPLOYMENT_TARGET = 10.11;
				MTL_ENABLE_DEBUG_INFO = NO;
				SDKROOT = macosx;
			};
			name = Release;
		};
		228F34661DA3014C00F264A0 /* Debug */ = {
			isa = XCBuildConfiguration;
			buildSettings = {
				COMBINE_HIDPI_IMAGES = YES;
				INFOPLIST_FILE = "Keyboard Connect Open Source/Info.plist";
				LD_RUNPATH_SEARCH_PATHS = "$(inherited) @executable_path/../Frameworks";
				PRODUCT_BUNDLE_IDENTIFIER = "ayidi.Keyboard-Connect-Open-Source";
				PRODUCT_NAME = "$(TARGET_NAME)";
			};
			name = Debug;
		};
		228F34671DA3014C00F264A0 /* Release */ = {
			isa = XCBuildConfiguration;
			buildSettings = {
				COMBINE_HIDPI_IMAGES = YES;
				INFOPLIST_FILE = "Keyboard Connect Open Source/Info.plist";
				LD_RUNPATH_SEARCH_PATHS = "$(inherited) @executable_path/../Frameworks";
				PRODUCT_BUNDLE_IDENTIFIER = "ayidi.Keyboard-Connect-Open-Source";
				PRODUCT_NAME = "$(TARGET_NAME)";
			};
			name = Release;
		};
/* End XCBuildConfiguration section */

/* Begin XCConfigurationList section */
		228F34531DA3014B00F264A0 /* Build configuration list for PBXProject "Keyboard Connect Open Source" */ = {
			isa = XCConfigurationList;
			buildConfigurations = (
				228F34631DA3014C00F264A0 /* Debug */,
				228F34641DA3014C00F264A0 /* Release */,
			);
			defaultConfigurationIsVisible = 0;
			defaultConfigurationName = Release;
		};
		228F34651DA3014C00F264A0 /* Build configuration list for PBXNativeTarget "Keyboard Connect Open Source" */ = {
			isa = XCConfigurationList;
			buildConfigurations = (
				228F34661DA3014C00F264A0 /* Debug */,
				228F34671DA3014C00F264A0 /* Release */,
			);
			defaultConfigurationIsVisible = 0;
		};
/* End XCConfigurationList section */
	};
	rootObject = 228F34501DA3014B00F264A0 /* Project object */;
}
